
Microsoft Visual Studio Solution File, Format Version 12.00
# Visual Studio Version 16
VisualStudioVersion = 16.0.31410.357
MinimumVisualStudioVersion = 10.0.40219.1
Project("{FAE04EC0-301F-11D3-BF4B-00C04F79EFBC}") = "AgendaPersonal-Xamarin-HiriartCorales.UWP", "AgendaPersonal-Xamarin-HiriartCorales.UWP\AgendaPersonal-Xamarin-HiriartCorales.UWP.csproj", "{D60F02D2-C234-40AA-A9D3-27CB73B47EBC}"
EndProject
Project("{FAE04EC0-301F-11D3-BF4B-00C04F79EFBC}") = "AgendaPersonal-Xamarin-HiriartCorales.Android", "AgendaPersonal-Xamarin-HiriartCorales.Android\AgendaPersonal-Xamarin-HiriartCorales.Android.csproj", "{FC69600E-95D6-48E8-959A-638A6441D905}"
EndProject
Project("{FAE04EC0-301F-11D3-BF4B-00C04F79EFBC}") = "AgendaPersonal-Xamarin-HiriartCorales.iOS", "AgendaPersonal-Xamarin-HiriartCorales.iOS\AgendaPersonal-Xamarin-HiriartCorales.iOS.csproj", "{E1F83BEE-356A-4CAA-A83C-FC8D287A4F46}"
EndProject
Project("{9A19103F-16F7-4668-BE54-9A1E7A4F7556}") = "AgendaPersonal-Xamarin-HiriartCorales", "AgendaPersonal-Xamarin-HiriartCorales\AgendaPersonal-Xamarin-HiriartCorales.csproj", "{9F745B5D-8CBD-46A2-83EE-815AB3900E95}"
EndProject
Global
	GlobalSection(SolutionConfigurationPlatforms) = preSolution
		Debug|Any CPU = Debug|Any CPU
		Debug|ARM = Debug|ARM
		Debug|iPhone = Debug|iPhone
		Debug|iPhoneSimulator = Debug|iPhoneSimulator
		Debug|x64 = Debug|x64
		Debug|x86 = Debug|x86
		Release|Any CPU = Release|Any CPU
		Release|ARM = Release|ARM
		Release|iPhone = Release|iPhone
		Release|iPhoneSimulator = Release|iPhoneSimulator
		Release|x64 = Release|x64
		Release|x86 = Release|x86
	EndGlobalSection
	GlobalSection(ProjectConfigurationPlatforms) = postSolution
		{D60F02D2-C234-40AA-A9D3-27CB73B47EBC}.Debug|Any CPU.ActiveCfg = Debug|x86
		{D60F02D2-C234-40AA-A9D3-27CB73B47EBC}.Debug|Any CPU.Build.0 = Debug|x86
		{D60F02D2-C234-40AA-A9D3-27CB73B47EBC}.Debug|Any CPU.Deploy.0 = Debug|x86
		{D60F02D2-C234-40AA-A9D3-27CB73B47EBC}.Debug|ARM.ActiveCfg = Debug|ARM
		{D60F02D2-C234-40AA-A9D3-27CB73B47EBC}.Debug|ARM.Build.0 = Debug|ARM
		{D60F02D2-C234-40AA-A9D3-27CB73B47EBC}.Debug|ARM.Deploy.0 = Debug|ARM
		{D60F02D2-C234-40AA-A9D3-27CB73B47EBC}.Debug|iPhone.ActiveCfg = Debug|x86
		{D60F02D2-C234-40AA-A9D3-27CB73B47EBC}.Debug|iPhone.Build.0 = Debug|x86
		{D60F02D2-C234-40AA-A9D3-27CB73B47EBC}.Debug|iPhone.Deploy.0 = Debug|x86
		{D60F02D2-C234-40AA-A9D3-27CB73B47EBC}.Debug|iPhoneSimulator.ActiveCfg = Debug|x86
		{D60F02D2-C234-40AA-A9D3-27CB73B47EBC}.Debug|iPhoneSimulator.Build.0 = Debug|x86
		{D60F02D2-C234-40AA-A9D3-27CB73B47EBC}.Debug|iPhoneSimulator.Deploy.0 = Debug|x86
		{D60F02D2-C234-40AA-A9D3-27CB73B47EBC}.Debug|x64.ActiveCfg = Debug|x64
		{D60F02D2-C234-40AA-A9D3-27CB73B47EBC}.Debug|x64.Build.0 = Debug|x64
		{D60F02D2-C234-40AA-A9D3-27CB73B47EBC}.Debug|x64.Deploy.0 = Debug|x64
		{D60F02D2-C234-40AA-A9D3-27CB73B47EBC}.Debug|x86.ActiveCfg = Debug|x86
		{D60F02D2-C234-40AA-A9D3-27CB73B47EBC}.Debug|x86.Build.0 = Debug|x86
		{D60F02D2-C234-40AA-A9D3-27CB73B47EBC}.Debug|x86.Deploy.0 = Debug|x86
		{D60F02D2-C234-40AA-A9D3-27CB73B47EBC}.Release|Any CPU.ActiveCfg = Release|x86
		{D60F02D2-C234-40AA-A9D3-27CB73B47EBC}.Release|ARM.ActiveCfg = Release|ARM
		{D60F02D2-C234-40AA-A9D3-27CB73B47EBC}.Release|ARM.Build.0 = Release|ARM
		{D60F02D2-C234-40AA-A9D3-27CB73B47EBC}.Release|ARM.Deploy.0 = Release|ARM
		{D60F02D2-C234-40AA-A9D3-27CB73B47EBC}.Release|iPhone.ActiveCfg = Release|x86
		{D60F02D2-C234-40AA-A9D3-27CB73B47EBC}.Release|iPhone.Build.0 = Release|x86
		{D60F02D2-C234-40AA-A9D3-27CB73B47EBC}.Release|iPhone.Deploy.0 = Release|x86
		{D60F02D2-C234-40AA-A9D3-27CB73B47EBC}.Release|iPhoneSimulator.ActiveCfg = Release|x86
		{D60F02D2-C234-40AA-A9D3-27CB73B47EBC}.Release|iPhoneSimulator.Build.0 = Release|x86
		{D60F02D2-C234-40AA-A9D3-27CB73B47EBC}.Release|iPhoneSimulator.Deploy.0 = Release|x86
		{D60F02D2-C234-40AA-A9D3-27CB73B47EBC}.Release|x64.ActiveCfg = Release|x64
		{D60F02D2-C234-40AA-A9D3-27CB73B47EBC}.Release|x64.Build.0 = Release|x64
		{D60F02D2-C234-40AA-A9D3-27CB73B47EBC}.Release|x64.Deploy.0 = Release|x64
		{D60F02D2-C234-40AA-A9D3-27CB73B47EBC}.Release|x86.ActiveCfg = Release|x86
		{D60F02D2-C234-40AA-A9D3-27CB73B47EBC}.Release|x86.Build.0 = Release|x86
		{D60F02D2-C234-40AA-A9D3-27CB73B47EBC}.Release|x86.Deploy.0 = Release|x86
		{FC69600E-95D6-48E8-959A-638A6441D905}.Debug|Any CPU.ActiveCfg = Debug|Any CPU
		{FC69600E-95D6-48E8-959A-638A6441D905}.Debug|Any CPU.Build.0 = Debug|Any CPU
		{FC69600E-95D6-48E8-959A-638A6441D905}.Debug|Any CPU.Deploy.0 = Debug|Any CPU
		{FC69600E-95D6-48E8-959A-638A6441D905}.Debug|ARM.ActiveCfg = Debug|Any CPU
		{FC69600E-95D6-48E8-959A-638A6441D905}.Debug|ARM.Build.0 = Debug|Any CPU
		{FC69600E-95D6-48E8-959A-638A6441D905}.Debug|ARM.Deploy.0 = Debug|Any CPU
		{FC69600E-95D6-48E8-959A-638A6441D905}.Debug|iPhone.ActiveCfg = Debug|Any CPU
		{FC69600E-95D6-48E8-959A-638A6441D905}.Debug|iPhone.Build.0 = Debug|Any CPU
		{FC69600E-95D6-48E8-959A-638A6441D905}.Debug|iPhone.Deploy.0 = Debug|Any CPU
		{FC69600E-95D6-48E8-959A-638A6441D905}.Debug|iPhoneSimulator.ActiveCfg = Debug|Any CPU
		{FC69600E-95D6-48E8-959A-638A6441D905}.Debug|iPhoneSimulator.Build.0 = Debug|Any CPU
		{FC69600E-95D6-48E8-959A-638A6441D905}.Debug|iPhoneSimulator.Deploy.0 = Debug|Any CPU
		{FC69600E-95D6-48E8-959A-638A6441D905}.Debug|x64.ActiveCfg = Debug|Any CPU
		{FC69600E-95D6-48E8-959A-638A6441D905}.Debug|x64.Build.0 = Debug|Any CPU
		{FC69600E-95D6-48E8-959A-638A6441D905}.Debug|x64.Deploy.0 = Debug|Any CPU
		{FC69600E-95D6-48E8-959A-638A6441D905}.Debug|x86.ActiveCfg = Debug|Any CPU
		{FC69600E-95D6-48E8-959A-638A6441D905}.Debug|x86.Build.0 = Debug|Any CPU
		{FC69600E-95D6-48E8-959A-638A6441D905}.Debug|x86.Deploy.0 = Debug|Any CPU
		{FC69600E-95D6-48E8-959A-638A6441D905}.Release|Any CPU.ActiveCfg = Release|Any CPU
		{FC69600E-95D6-48E8-959A-638A6441D905}.Release|Any CPU.Build.0 = Release|Any CPU
		{FC69600E-95D6-48E8-959A-638A6441D905}.Release|Any CPU.Deploy.0 = Release|Any CPU
		{FC69600E-95D6-48E8-959A-638A6441D905}.Release|ARM.ActiveCfg = Release|Any CPU
		{FC69600E-95D6-48E8-959A-638A6441D905}.Release|ARM.Build.0 = Release|Any CPU
		{FC69600E-95D6-48E8-959A-638A6441D905}.Release|ARM.Deploy.0 = Release|Any CPU
		{FC69600E-95D6-48E8-959A-638A6441D905}.Release|iPhone.ActiveCfg = Release|Any CPU
		{FC69600E-95D6-48E8-959A-638A6441D905}.Release|iPhone.Build.0 = Release|Any CPU
		{FC69600E-95D6-48E8-959A-638A6441D905}.Release|iPhone.Deploy.0 = Release|Any CPU
		{FC69600E-95D6-48E8-959A-638A6441D905}.Release|iPhoneSimulator.ActiveCfg = Release|Any CPU
		{FC69600E-95D6-48E8-959A-638A6441D905}.Release|iPhoneSimulator.Build.0 = Release|Any CPU
		{FC69600E-95D6-48E8-959A-638A6441D905}.Release|iPhoneSimulator.Deploy.0 = Release|Any CPU
		{FC69600E-95D6-48E8-959A-638A6441D905}.Release|x64.ActiveCfg = Release|Any CPU
		{FC69600E-95D6-48E8-959A-638A6441D905}.Release|x64.Build.0 = Release|Any CPU
		{FC69600E-95D6-48E8-959A-638A6441D905}.Release|x64.Deploy.0 = Release|Any CPU
		{FC69600E-95D6-48E8-959A-638A6441D905}.Release|x86.ActiveCfg = Release|Any CPU
		{FC69600E-95D6-48E8-959A-638A6441D905}.Release|x86.Build.0 = Release|Any CPU
		{FC69600E-95D6-48E8-959A-638A6441D905}.Release|x86.Deploy.0 = Release|Any CPU
		{E1F83BEE-356A-4CAA-A83C-FC8D287A4F46}.Debug|Any CPU.ActiveCfg = Debug|iPhoneSimulator
		{E1F83BEE-356A-4CAA-A83C-FC8D287A4F46}.Debug|Any CPU.Build.0 = Debug|iPhoneSimulator
		{E1F83BEE-356A-4CAA-A83C-FC8D287A4F46}.Debug|Any CPU.Deploy.0 = Debug|iPhoneSimulator
		{E1F83BEE-356A-4CAA-A83C-FC8D287A4F46}.Debug|ARM.ActiveCfg = Debug|iPhone
		{E1F83BEE-356A-4CAA-A83C-FC8D287A4F46}.Debug|ARM.Build.0 = Debug|iPhone
		{E1F83BEE-356A-4CAA-A83C-FC8D287A4F46}.Debug|ARM.Deploy.0 = Debug|iPhone
		{E1F83BEE-356A-4CAA-A83C-FC8D287A4F46}.Debug|iPhone.ActiveCfg = Debug|iPhone
		{E1F83BEE-356A-4CAA-A83C-FC8D287A4F46}.Debug|iPhone.Build.0 = Debug|iPhone
		{E1F83BEE-356A-4CAA-A83C-FC8D287A4F46}.Debug|iPhone.Deploy.0 = Debug|iPhone
		{E1F83BEE-356A-4CAA-A83C-FC8D287A4F46}.Debug|iPhoneSimulator.ActiveCfg = Debug|iPhoneSimulator
		{E1F83BEE-356A-4CAA-A83C-FC8D287A4F46}.Debug|iPhoneSimulator.Build.0 = Debug|iPhoneSimulator
		{E1F83BEE-356A-4CAA-A83C-FC8D287A4F46}.Debug|iPhoneSimulator.Deploy.0 = Debug|iPhoneSimulator
		{E1F83BEE-356A-4CAA-A83C-FC8D287A4F46}.Debug|x64.ActiveCfg = Debug|iPhoneSimulator
		{E1F83BEE-356A-4CAA-A83C-FC8D287A4F46}.Debug|x64.Build.0 = Debug|iPhoneSimulator
		{E1F83BEE-356A-4CAA-A83C-FC8D287A4F46}.Debug|x64.Deploy.0 = Debug|iPhoneSimulator
		{E1F83BEE-356A-4CAA-A83C-FC8D287A4F46}.Debug|x86.ActiveCfg = Debug|iPhoneSimulator
		{E1F83BEE-356A-4CAA-A83C-FC8D287A4F46}.Debug|x86.Build.0 = Debug|iPhoneSimulator
		{E1F83BEE-356A-4CAA-A83C-FC8D287A4F46}.Debug|x86.Deploy.0 = Debug|iPhoneSimulator
		{E1F83BEE-356A-4CAA-A83C-FC8D287A4F46}.Release|Any CPU.ActiveCfg = Release|iPhoneSimulator
		{E1F83BEE-356A-4CAA-A83C-FC8D287A4F46}.Release|Any CPU.Deploy.0 = Release|iPhoneSimulator
		{E1F83BEE-356A-4CAA-A83C-FC8D287A4F46}.Release|ARM.ActiveCfg = Release|iPhoneSimulator
		{E1F83BEE-356A-4CAA-A83C-FC8D287A4F46}.Release|ARM.Build.0 = Release|iPhoneSimulator
		{E1F83BEE-356A-4CAA-A83C-FC8D287A4F46}.Release|ARM.Deploy.0 = Release|iPhoneSimulator
		{E1F83BEE-356A-4CAA-A83C-FC8D287A4F46}.Release|iPhone.ActiveCfg = Release|iPhone
		{E1F83BEE-356A-4CAA-A83C-FC8D287A4F46}.Release|iPhone.Build.0 = Release|iPhone
		{E1F83BEE-356A-4CAA-A83C-FC8D287A4F46}.Release|iPhone.Deploy.0 = Release|iPhone
		{E1F83BEE-356A-4CAA-A83C-FC8D287A4F46}.Release|iPhoneSimulator.ActiveCfg = Release|iPhoneSimulator
		{E1F83BEE-356A-4CAA-A83C-FC8D287A4F46}.Release|iPhoneSimulator.Build.0 = Release|iPhoneSimulator
		{E1F83BEE-356A-4CAA-A83C-FC8D287A4F46}.Release|iPhoneSimulator.Deploy.0 = Release|iPhoneSimulator
		{E1F83BEE-356A-4CAA-A83C-FC8D287A4F46}.Release|x64.ActiveCfg = Release|iPhoneSimulator
		{E1F83BEE-356A-4CAA-A83C-FC8D287A4F46}.Release|x64.Build.0 = Release|iPhoneSimulator
		{E1F83BEE-356A-4CAA-A83C-FC8D287A4F46}.Release|x64.Deploy.0 = Release|iPhoneSimulator
		{E1F83BEE-356A-4CAA-A83C-FC8D287A4F46}.Release|x86.ActiveCfg = Release|iPhoneSimulator
		{E1F83BEE-356A-4CAA-A83C-FC8D287A4F46}.Release|x86.Build.0 = Release|iPhoneSimulator
		{E1F83BEE-356A-4CAA-A83C-FC8D287A4F46}.Release|x86.Deploy.0 = Release|iPhoneSimulator
		{9F745B5D-8CBD-46A2-83EE-815AB3900E95}.Debug|Any CPU.ActiveCfg = Debug|Any CPU
		{9F745B5D-8CBD-46A2-83EE-815AB3900E95}.Debug|Any CPU.Build.0 = Debug|Any CPU
		{9F745B5D-8CBD-46A2-83EE-815AB3900E95}.Debug|Any CPU.Deploy.0 = Debug|Any CPU
		{9F745B5D-8CBD-46A2-83EE-815AB3900E95}.Debug|ARM.ActiveCfg = Debug|Any CPU
		{9F745B5D-8CBD-46A2-83EE-815AB3900E95}.Debug|ARM.Build.0 = Debug|Any CPU
		{9F745B5D-8CBD-46A2-83EE-815AB3900E95}.Debug|ARM.Deploy.0 = Debug|Any CPU
		{9F745B5D-8CBD-46A2-83EE-815AB3900E95}.Debug|iPhone.ActiveCfg = Debug|Any CPU
		{9F745B5D-8CBD-46A2-83EE-815AB3900E95}.Debug|iPhone.Build.0 = Debug|Any CPU
		{9F745B5D-8CBD-46A2-83EE-815AB3900E95}.Debug|iPhone.Deploy.0 = Debug|Any CPU
		{9F745B5D-8CBD-46A2-83EE-815AB3900E95}.Debug|iPhoneSimulator.ActiveCfg = Debug|Any CPU
		{9F745B5D-8CBD-46A2-83EE-815AB3900E95}.Debug|iPhoneSimulator.Build.0 = Debug|Any CPU
		{9F745B5D-8CBD-46A2-83EE-815AB3900E95}.Debug|iPhoneSimulator.Deploy.0 = Debug|Any CPU
		{9F745B5D-8CBD-46A2-83EE-815AB3900E95}.Debug|x64.ActiveCfg = Debug|Any CPU
		{9F745B5D-8CBD-46A2-83EE-815AB3900E95}.Debug|x64.Build.0 = Debug|Any CPU
		{9F745B5D-8CBD-46A2-83EE-815AB3900E95}.Debug|x64.Deploy.0 = Debug|Any CPU
		{9F745B5D-8CBD-46A2-83EE-815AB3900E95}.Debug|x86.ActiveCfg = Debug|Any CPU
		{9F745B5D-8CBD-46A2-83EE-815AB3900E95}.Debug|x86.Build.0 = Debug|Any CPU
		{9F745B5D-8CBD-46A2-83EE-815AB3900E95}.Debug|x86.Deploy.0 = Debug|Any CPU
		{9F745B5D-8CBD-46A2-83EE-815AB3900E95}.Release|Any CPU.ActiveCfg = Release|Any CPU
		{9F745B5D-8CBD-46A2-83EE-815AB3900E95}.Release|Any CPU.Build.0 = Release|Any CPU
		{9F745B5D-8CBD-46A2-83EE-815AB3900E95}.Release|Any CPU.Deploy.0 = Release|Any CPU
		{9F745B5D-8CBD-46A2-83EE-815AB3900E95}.Release|ARM.ActiveCfg = Release|Any CPU
		{9F745B5D-8CBD-46A2-83EE-815AB3900E95}.Release|ARM.Build.0 = Release|Any CPU
		{9F745B5D-8CBD-46A2-83EE-815AB3900E95}.Release|ARM.Deploy.0 = Release|Any CPU
		{9F745B5D-8CBD-46A2-83EE-815AB3900E95}.Release|iPhone.ActiveCfg = Release|Any CPU
		{9F745B5D-8CBD-46A2-83EE-815AB3900E95}.Release|iPhone.Build.0 = Release|Any CPU
		{9F745B5D-8CBD-46A2-83EE-815AB3900E95}.Release|iPhone.Deploy.0 = Release|Any CPU
		{9F745B5D-8CBD-46A2-83EE-815AB3900E95}.Release|iPhoneSimulator.ActiveCfg = Release|Any CPU
		{9F745B5D-8CBD-46A2-83EE-815AB3900E95}.Release|iPhoneSimulator.Build.0 = Release|Any CPU
		{9F745B5D-8CBD-46A2-83EE-815AB3900E95}.Release|iPhoneSimulator.Deploy.0 = Release|Any CPU
		{9F745B5D-8CBD-46A2-83EE-815AB3900E95}.Release|x64.ActiveCfg = Release|Any CPU
		{9F745B5D-8CBD-46A2-83EE-815AB3900E95}.Release|x64.Build.0 = Release|Any CPU
		{9F745B5D-8CBD-46A2-83EE-815AB3900E95}.Release|x64.Deploy.0 = Release|Any CPU
		{9F745B5D-8CBD-46A2-83EE-815AB3900E95}.Release|x86.ActiveCfg = Release|Any CPU
		{9F745B5D-8CBD-46A2-83EE-815AB3900E95}.Release|x86.Build.0 = Release|Any CPU
		{9F745B5D-8CBD-46A2-83EE-815AB3900E95}.Release|x86.Deploy.0 = Release|Any CPU
	EndGlobalSection
	GlobalSection(SolutionProperties) = preSolution
		HideSolutionNode = FALSE
	EndGlobalSection
	GlobalSection(ExtensibilityGlobals) = postSolution
		SolutionGuid = {927AAB60-B0D5-480E-8383-CB763D6E0589}
	EndGlobalSection
EndGlobal
